
Microsoft Visual Studio Solution File, Format Version 12.00
# Visual Studio Version 16
VisualStudioVersion = 16.0.29709.97
MinimumVisualStudioVersion = 10.0.40219.1
Project("{FAE04EC0-301F-11D3-BF4B-00C04F79EFBC}") = "TestGit", "TestGit\TestGit.csproj", "{E70C344A-6BA5-4FE8-8CB4-FF83579E0128}"
EndProject
Project("{2150E333-8FDC-42A3-9474-1A3956D46DE8}") = "Solution Items", "Solution Items", "{0F0D38A7-A830-4108-B9BC-A596B101786A}"
	ProjectSection(SolutionItems) = preProject
		TestGit\PreBuiltlib\prebuiltlib.tgz = TestGit\PreBuiltlib\prebuiltlib.tgz
	EndProjectSection
EndProject
Global
	GlobalSection(SolutionConfigurationPlatforms) = preSolution
		Debug|Any CPU = Debug|Any CPU
		Release|Any CPU = Release|Any CPU
	EndGlobalSection
	GlobalSection(ProjectConfigurationPlatforms) = postSolution
		{E70C344A-6BA5-4FE8-8CB4-FF83579E0128}.Debug|Any CPU.ActiveCfg = Debug|Any CPU
		{E70C344A-6BA5-4FE8-8CB4-FF83579E0128}.Debug|Any CPU.Build.0 = Debug|Any CPU
		{E70C344A-6BA5-4FE8-8CB4-FF83579E0128}.Release|Any CPU.ActiveCfg = Release|Any CPU
		{E70C344A-6BA5-4FE8-8CB4-FF83579E0128}.Release|Any CPU.Build.0 = Release|Any CPU
	EndGlobalSection
	GlobalSection(SolutionProperties) = preSolution
		HideSolutionNode = FALSE
	EndGlobalSection
	GlobalSection(ExtensibilityGlobals) = postSolution
		SolutionGuid = {A46D4033-31CB-41CA-ACE2-5A70B4EC2E3C}
	EndGlobalSection
EndGlobal
